// !$*UTF8*$!
{
	archiveVersion = 1;
	classes = {
	};
	objectVersion = 46;
	objects = {

/* Begin PBXBuildFile section */
		BAA5E1061CC6076000754D0B /* main.m in Sources */ = {isa = PBXBuildFile; fileRef = BAA5E1051CC6076000754D0B /* main.m */; };
		BAA5E1091CC6076000754D0B /* AppDelegate.m in Sources */ = {isa = PBXBuildFile; fileRef = BAA5E1081CC6076000754D0B /* AppDelegate.m */; };
		BAA5E10C1CC6076000754D0B /* ViewController.m in Sources */ = {isa = PBXBuildFile; fileRef = BAA5E10B1CC6076000754D0B /* ViewController.m */; };
		BAA5E10F1CC6076000754D0B /* Main.storyboard in Resources */ = {isa = PBXBuildFile; fileRef = BAA5E10D1CC6076000754D0B /* Main.storyboard */; };
		BAA5E1111CC6076000754D0B /* Assets.xcassets in Resources */ = {isa = PBXBuildFile; fileRef = BAA5E1101CC6076000754D0B /* Assets.xcassets */; };
		BAA5E1141CC6076000754D0B /* LaunchScreen.storyboard in Resources */ = {isa = PBXBuildFile; fileRef = BAA5E1121CC6076000754D0B /* LaunchScreen.storyboard */; };
		BAA5E11D1CC6076B00754D0B /* ZHDatePicker.m in Sources */ = {isa = PBXBuildFile; fileRef = BAA5E11C1CC6076B00754D0B /* ZHDatePicker.m */; };
/* End PBXBuildFile section */

/* Begin PBXFileReference section */
		BAA5E1011CC6076000754D0B /* ZHDatePicker.app */ = {isa = PBXFileReference; explicitFileType = wrapper.application; includeInIndex = 0; path = ZHDatePicker.app; sourceTree = BUILT_PRODUCTS_DIR; };
		BAA5E1051CC6076000754D0B /* main.m */ = {isa = PBXFileReference; lastKnownFileType = sourcecode.c.objc; path = main.m; sourceTree = "<group>"; };
		BAA5E1071CC6076000754D0B /* AppDelegate.h */ = {isa = PBXFileReference; lastKnownFileType = sourcecode.c.h; path = AppDelegate.h; sourceTree = "<group>"; };
		BAA5E1081CC6076000754D0B /* AppDelegate.m */ = {isa = PBXFileReference; lastKnownFileType = sourcecode.c.objc; path = AppDelegate.m; sourceTree = "<group>"; };
		BAA5E10A1CC6076000754D0B /* ViewController.h */ = {isa = PBXFileReference; lastKnownFileType = sourcecode.c.h; path = ViewController.h; sourceTree = "<group>"; };
		BAA5E10B1CC6076000754D0B /* ViewController.m */ = {isa = PBXFileReference; lastKnownFileType = sourcecode.c.objc; path = ViewController.m; sourceTree = "<group>"; };
		BAA5E10E1CC6076000754D0B /* Base */ = {isa = PBXFileReference; lastKnownFileType = file.storyboard; name = Base; path = Base.lproj/Main.storyboard; sourceTree = "<group>"; };
		BAA5E1101CC6076000754D0B /* Assets.xcassets */ = {isa = PBXFileReference; lastKnownFileType = folder.assetcatalog; path = Assets.xcassets; sourceTree = "<group>"; };
		BAA5E1131CC6076000754D0B /* Base */ = {isa = PBXFileReference; lastKnownFileType = file.storyboard; name = Base; path = Base.lproj/LaunchScreen.storyboard; sourceTree = "<group>"; };
		BAA5E1151CC6076000754D0B /* Info.plist */ = {isa = PBXFileReference; lastKnownFileType = text.plist.xml; path = Info.plist; sourceTree = "<group>"; };
		BAA5E11B1CC6076B00754D0B /* ZHDatePicker.h */ = {isa = PBXFileReference; fileEncoding = 4; lastKnownFileType = sourcecode.c.h; path = ZHDatePicker.h; sourceTree = "<group>"; };
		BAA5E11C1CC6076B00754D0B /* ZHDatePicker.m */ = {isa = PBXFileReference; fileEncoding = 4; lastKnownFileType = sourcecode.c.objc; path = ZHDatePicker.m; sourceTree = "<group>"; };
/* End PBXFileReference section */

/* Begin PBXFrameworksBuildPhase section */
		BAA5E0FE1CC6076000754D0B /* Frameworks */ = {
			isa = PBXFrameworksBuildPhase;
			buildActionMask = 2147483647;
			files = (
			);
			runOnlyForDeploymentPostprocessing = 0;
		};
/* End PBXFrameworksBuildPhase section */

/* Begin PBXGroup section */
		BAA5E0F81CC6076000754D0B = {
			isa = PBXGroup;
			children = (
				BAA5E1031CC6076000754D0B /* ZHDatePicker */,
				BAA5E1021CC6076000754D0B /* Products */,
			);
			sourceTree = "<group>";
		};
		BAA5E1021CC6076000754D0B /* Products */ = {
			isa = PBXGroup;
			children = (
				BAA5E1011CC6076000754D0B /* ZHDatePicker.app */,
			);
			name = Products;
			sourceTree = "<group>";
		};
		BAA5E1031CC6076000754D0B /* ZHDatePicker */ = {
			isa = PBXGroup;
			children = (
				BAA5E1071CC6076000754D0B /* AppDelegate.h */,
				BAA5E1081CC6076000754D0B /* AppDelegate.m */,
				BAA5E10A1CC6076000754D0B /* ViewController.h */,
				BAA5E10B1CC6076000754D0B /* ViewController.m */,
				BAA5E11B1CC6076B00754D0B /* ZHDatePicker.h */,
				BAA5E11C1CC6076B00754D0B /* ZHDatePicker.m */,
				BAA5E10D1CC6076000754D0B /* Main.storyboard */,
				BAA5E1101CC6076000754D0B /* Assets.xcassets */,
				BAA5E1121CC6076000754D0B /* LaunchScreen.storyboard */,
				BAA5E1151CC6076000754D0B /* Info.plist */,
				BAA5E1041CC6076000754D0B /* Supporting Files */,
			);
			path = ZHDatePicker;
			sourceTree = "<group>";
		};
		BAA5E1041CC6076000754D0B /* Supporting Files */ = {
			isa = PBXGroup;
			children = (
				BAA5E1051CC6076000754D0B /* main.m */,
			);
			name = "Supporting Files";
			sourceTree = "<group>";
		};
/* End PBXGroup section */

/* Begin PBXNativeTarget section */
		BAA5E1001CC6076000754D0B /* ZHDatePicker */ = {
			isa = PBXNativeTarget;
			buildConfigurationList = BAA5E1181CC6076000754D0B /* Build configuration list for PBXNativeTarget "ZHDatePicker" */;
			buildPhases = (
				BAA5E0FD1CC6076000754D0B /* Sources */,
				BAA5E0FE1CC6076000754D0B /* Frameworks */,
				BAA5E0FF1CC6076000754D0B /* Resources */,
			);
			buildRules = (
			);
			dependencies = (
			);
			name = ZHDatePicker;
			productName = ZHDatePicker;
			productReference = BAA5E1011CC6076000754D0B /* ZHDatePicker.app */;
			productType = "com.apple.product-type.application";
		};
/* End PBXNativeTarget section */

/* Begin PBXProject section */
		BAA5E0F91CC6076000754D0B /* Project object */ = {
			isa = PBXProject;
			attributes = {
				LastUpgradeCheck = 0730;
				ORGANIZATIONNAME = heyz3a;
				TargetAttributes = {
					BAA5E1001CC6076000754D0B = {
						CreatedOnToolsVersion = 7.3;
					};
				};
			};
			buildConfigurationList = BAA5E0FC1CC6076000754D0B /* Build configuration list for PBXProject "ZHDatePicker" */;
			compatibilityVersion = "Xcode 3.2";
			developmentRegion = English;
			hasScannedForEncodings = 0;
			knownRegions = (
				en,
				Base,
			);
			mainGroup = BAA5E0F81CC6076000754D0B;
			productRefGroup = BAA5E1021CC6076000754D0B /* Products */;
			projectDirPath = "";
			projectRoot = "";
			targets = (
				BAA5E1001CC6076000754D0B /* ZHDatePicker */,
			);
		};
/* End PBXProject section */

/* Begin PBXResourcesBuildPhase section */
		BAA5E0FF1CC6076000754D0B /* Resources */ = {
			isa = PBXResourcesBuildPhase;
			buildActionMask = 2147483647;
			files = (
				BAA5E1141CC6076000754D0B /* LaunchScreen.storyboard in Resources */,
				BAA5E1111CC6076000754D0B /* Assets.xcassets in Resources */,
				BAA5E10F1CC6076000754D0B /* Main.storyboard in Resources */,
			);
			runOnlyForDeploymentPostprocessing = 0;
		};
/* End PBXResourcesBuildPhase section */

/* Begin PBXSourcesBuildPhase section */
		BAA5E0FD1CC6076000754D0B /* Sources */ = {
			isa = PBXSourcesBuildPhase;
			buildActionMask = 2147483647;
			files = (
				BAA5E10C1CC6076000754D0B /* ViewController.m in Sources */,
				BAA5E1091CC6076000754D0B /* AppDelegate.m in Sources */,
				BAA5E1061CC6076000754D0B /* main.m in Sources */,
				BAA5E11D1CC6076B00754D0B /* ZHDatePicker.m in Sources */,
			);
			runOnlyForDeploymentPostprocessing = 0;
		};
/* End PBXSourcesBuildPhase section */

/* Begin PBXVariantGroup section */
		BAA5E10D1CC6076000754D0B /* Main.storyboard */ = {
			isa = PBXVariantGroup;
			children = (
				BAA5E10E1CC6076000754D0B /* Base */,
			);
			name = Main.storyboard;
			sourceTree = "<group>";
		};
		BAA5E1121CC6076000754D0B /* LaunchScreen.storyboard */ = {
			isa = PBXVariantGroup;
			children = (
				BAA5E1131CC6076000754D0B /* Base */,
			);
			name = LaunchScreen.storyboard;
			sourceTree = "<group>";
		};
/* End PBXVariantGroup section */

/* Begin XCBuildConfiguration section */
		BAA5E1161CC6076000754D0B /* Debug */ = {
			isa = XCBuildConfiguration;
			buildSettings = {
				ALWAYS_SEARCH_USER_PATHS = NO;
				CLANG_ANALYZER_NONNULL = YES;
				CLANG_CXX_LANGUAGE_STANDARD = "gnu++0x";
				CLANG_CXX_LIBRARY = "libc++";
				CLANG_ENABLE_MODULES = YES;
				CLANG_ENABLE_OBJC_ARC = YES;
				CLANG_WARN_BOOL_CONVERSION = YES;
				CLANG_WARN_CONSTANT_CONVERSION = YES;
				CLANG_WARN_DIRECT_OBJC_ISA_USAGE = YES_ERROR;
				CLANG_WARN_EMPTY_BODY = YES;
				CLANG_WARN_ENUM_CONVERSION = YES;
				CLANG_WARN_INT_CONVERSION = YES;
				CLANG_WARN_OBJC_ROOT_CLASS = YES_ERROR;
				CLANG_WARN_UNREACHABLE_CODE = YES;
				CLANG_WARN__DUPLICATE_METHOD_MATCH = YES;
				"CODE_SIGN_IDENTITY[sdk=iphoneos*]" = "iPhone Developer";
				COPY_PHASE_STRIP = NO;
				DEBUG_INFORMATION_FORMAT = dwarf;
				ENABLE_STRICT_OBJC_MSGSEND = YES;
				ENABLE_TESTABILITY = YES;
				GCC_C_LANGUAGE_STANDARD = gnu99;
				GCC_DYNAMIC_NO_PIC = NO;
				GCC_NO_COMMON_BLOCKS = YES;
				GCC_OPTIMIZATION_LEVEL = 0;
				GCC_PREPROCESSOR_DEFINITIONS = (
					"DEBUG=1",
					"$(inherited)",
				);
				GCC_WARN_64_TO_32_BIT_CONVERSION = YES;
				GCC_WARN_ABOUT_RETURN_TYPE = YES_ERROR;
				GCC_WARN_UNDECLARED_SELECTOR = YES;
				GCC_WARN_UNINITIALIZED_AUTOS = YES_AGGRESSIVE;
				GCC_WARN_UNUSED_FUNCTION = YES;
				GCC_WARN_UNUSED_VARIABLE = YES;
				IPHONEOS_DEPLOYMENT_TARGET = 9.3;
				MTL_ENABLE_DEBUG_INFO = YES;
				ONLY_ACTIVE_ARCH = YES;
				SDKROOT = iphoneos;
			};
			name = Debug;
		};
		BAA5E1171CC6076000754D0B /* Release */ = {
			isa = XCBuildConfiguration;
			buildSettings = {
				ALWAYS_SEARCH_USER_PATHS = NO;
				CLANG_ANALYZER_NONNULL = YES;
				CLANG_CXX_LANGUAGE_STANDARD = "gnu++0x";
				CLANG_CXX_LIBRARY = "libc++";
				CLANG_ENABLE_MODULES = YES;
				CLANG_ENABLE_OBJC_ARC = YES;
				CLANG_WARN_BOOL_CONVERSION = YES;
				CLANG_WARN_CONSTANT_CONVERSION = YES;
				CLANG_WARN_DIRECT_OBJC_ISA_USAGE = YES_ERROR;
				CLANG_WARN_EMPTY_BODY = YES;
				CLANG_WARN_ENUM_CONVERSION = YES;
				CLANG_WARN_INT_CONVERSION = YES;
				CLANG_WARN_OBJC_ROOT_CLASS = YES_ERROR;
				CLANG_WARN_UNREACHABLE_CODE = YES;
				CLANG_WARN__DUPLICATE_METHOD_MATCH = YES;
				"CODE_SIGN_IDENTITY[sdk=iphoneos*]" = "iPhone Developer";
				COPY_PHASE_STRIP = NO;
				DEBUG_INFORMATION_FORMAT = "dwarf-with-dsym";
				ENABLE_NS_ASSERTIONS = NO;
				ENABLE_STRICT_OBJC_MSGSEND = YES;
				GCC_C_LANGUAGE_STANDARD = gnu99;
				GCC_NO_COMMON_BLOCKS = YES;
				GCC_WARN_64_TO_32_BIT_CONVERSION = YES;
				GCC_WARN_ABOUT_RETURN_TYPE = YES_ERROR;
				GCC_WARN_UNDECLARED_SELECTOR = YES;
				GCC_WARN_UNINITIALIZED_AUTOS = YES_AGGRESSIVE;
				GCC_WARN_UNUSED_FUNCTION = YES;
				GCC_WARN_UNUSED_VARIABLE = YES;
				IPHONEOS_DEPLOYMENT_TARGET = 9.3;
				MTL_ENABLE_DEBUG_INFO = NO;
				SDKROOT = iphoneos;
				VALIDATE_PRODUCT = YES;
			};
			name = Release;
		};
		BAA5E1191CC6076000754D0B /* Debug */ = {
			isa = XCBuildConfiguration;
			buildSettings = {
				ASSETCATALOG_COMPILER_APPICON_NAME = AppIcon;
				INFOPLIST_FILE = ZHDatePicker/Info.plist;
				LD_RUNPATH_SEARCH_PATHS = "$(inherited) @executable_path/Frameworks";
				PRODUCT_BUNDLE_IDENTIFIER = com.jumpc.ZHDatePicker;
				PRODUCT_NAME = "$(TARGET_NAME)";
			};
			name = Debug;
		};
		BAA5E11A1CC6076000754D0B /* Release */ = {
			isa = XCBuildConfiguration;
			buildSettings = {
				ASSETCATALOG_COMPILER_APPICON_NAME = AppIcon;
				INFOPLIST_FILE = ZHDatePicker/Info.plist;
				LD_RUNPATH_SEARCH_PATHS = "$(inherited) @executable_path/Frameworks";
				PRODUCT_BUNDLE_IDENTIFIER = com.jumpc.ZHDatePicker;
				PRODUCT_NAME = "$(TARGET_NAME)";
			};
			name = Release;
		};
/* End XCBuildConfiguration section */

/* Begin XCConfigurationList section */
		BAA5E0FC1CC6076000754D0B /* Build configuration list for PBXProject "ZHDatePicker" */ = {
			isa = XCConfigurationList;
			buildConfigurations = (
				BAA5E1161CC6076000754D0B /* Debug */,
				BAA5E1171CC6076000754D0B /* Release */,
			);
			defaultConfigurationIsVisible = 0;
			defaultConfigurationName = Release;
		};
		BAA5E1181CC6076000754D0B /* Build configuration list for PBXNativeTarget "ZHDatePicker" */ = {
			isa = XCConfigurationList;
			buildConfigurations = (
				BAA5E1191CC6076000754D0B /* Debug */,
				BAA5E11A1CC6076000754D0B /* Release */,
			);
			defaultConfigurationIsVisible = 0;
		};
/* End XCConfigurationList section */
	};
	rootObject = BAA5E0F91CC6076000754D0B /* Project object */;
}
